// !$*UTF8*$!
{
	archiveVersion = 1;
	classes = {
	};
	objectVersion = 50;
	objects = {

/* Begin PBXBuildFile section */
		8D077D98237F412D00BE1AD5 /* CourseFile.swift in Sources */ = {isa = PBXBuildFile; fileRef = 8D077D97237F412D00BE1AD5 /* CourseFile.swift */; };
		8D077D9A23807F2000BE1AD5 /* SemesterTableViewController.swift in Sources */ = {isa = PBXBuildFile; fileRef = 8D077D9923807F2000BE1AD5 /* SemesterTableViewController.swift */; };
		8D8B0897237DEFFD00BD5439 /* AppDelegate.swift in Sources */ = {isa = PBXBuildFile; fileRef = 8D8B0896237DEFFD00BD5439 /* AppDelegate.swift */; };
		8D8B0899237DEFFD00BD5439 /* SceneDelegate.swift in Sources */ = {isa = PBXBuildFile; fileRef = 8D8B0898237DEFFD00BD5439 /* SceneDelegate.swift */; };
		8D8B089E237DEFFD00BD5439 /* Main.storyboard in Resources */ = {isa = PBXBuildFile; fileRef = 8D8B089C237DEFFD00BD5439 /* Main.storyboard */; };
		8D8B08A0237DEFFE00BD5439 /* Assets.xcassets in Resources */ = {isa = PBXBuildFile; fileRef = 8D8B089F237DEFFE00BD5439 /* Assets.xcassets */; };
		8D8B08A3237DEFFE00BD5439 /* LaunchScreen.storyboard in Resources */ = {isa = PBXBuildFile; fileRef = 8D8B08A1237DEFFE00BD5439 /* LaunchScreen.storyboard */; };
		8DECB4D5237E49610055B4D8 /* File.swift in Sources */ = {isa = PBXBuildFile; fileRef = 8DECB4D4237E49610055B4D8 /* File.swift */; };
		8DECB4D7237E49DF0055B4D8 /* StudentListTableViewController.swift in Sources */ = {isa = PBXBuildFile; fileRef = 8DECB4D6237E49DF0055B4D8 /* StudentListTableViewController.swift */; };
		8DECB4D9237E4A9C0055B4D8 /* AddStudentViewController.swift in Sources */ = {isa = PBXBuildFile; fileRef = 8DECB4D8237E4A9C0055B4D8 /* AddStudentViewController.swift */; };
		8DECB4DB237F36D90055B4D8 /* GPAViewController.swift in Sources */ = {isa = PBXBuildFile; fileRef = 8DECB4DA237F36D90055B4D8 /* GPAViewController.swift */; };
/* End PBXBuildFile section */

/* Begin PBXFileReference section */
		8D077D97237F412D00BE1AD5 /* CourseFile.swift */ = {isa = PBXFileReference; lastKnownFileType = sourcecode.swift; path = CourseFile.swift; sourceTree = "<group>"; };
		8D077D9923807F2000BE1AD5 /* SemesterTableViewController.swift */ = {isa = PBXFileReference; lastKnownFileType = sourcecode.swift; path = SemesterTableViewController.swift; sourceTree = "<group>"; };
		8D8B0893237DEFFD00BD5439 /* manjinder_c0762203_gpaApp.app */ = {isa = PBXFileReference; explicitFileType = wrapper.application; includeInIndex = 0; path = manjinder_c0762203_gpaApp.app; sourceTree = BUILT_PRODUCTS_DIR; };
		8D8B0896237DEFFD00BD5439 /* AppDelegate.swift */ = {isa = PBXFileReference; lastKnownFileType = sourcecode.swift; path = AppDelegate.swift; sourceTree = "<group>"; };
		8D8B0898237DEFFD00BD5439 /* SceneDelegate.swift */ = {isa = PBXFileReference; lastKnownFileType = sourcecode.swift; path = SceneDelegate.swift; sourceTree = "<group>"; };
		8D8B089D237DEFFD00BD5439 /* Base */ = {isa = PBXFileReference; lastKnownFileType = file.storyboard; name = Base; path = Base.lproj/Main.storyboard; sourceTree = "<group>"; };
		8D8B089F237DEFFE00BD5439 /* Assets.xcassets */ = {isa = PBXFileReference; lastKnownFileType = folder.assetcatalog; path = Assets.xcassets; sourceTree = "<group>"; };
		8D8B08A2237DEFFE00BD5439 /* Base */ = {isa = PBXFileReference; lastKnownFileType = file.storyboard; name = Base; path = Base.lproj/LaunchScreen.storyboard; sourceTree = "<group>"; };
		8D8B08A4237DEFFE00BD5439 /* Info.plist */ = {isa = PBXFileReference; lastKnownFileType = text.plist.xml; path = Info.plist; sourceTree = "<group>"; };
		8DECB4D4237E49610055B4D8 /* File.swift */ = {isa = PBXFileReference; lastKnownFileType = sourcecode.swift; path = File.swift; sourceTree = "<group>"; };
		8DECB4D6237E49DF0055B4D8 /* StudentListTableViewController.swift */ = {isa = PBXFileReference; lastKnownFileType = sourcecode.swift; path = StudentListTableViewController.swift; sourceTree = "<group>"; };
		8DECB4D8237E4A9C0055B4D8 /* AddStudentViewController.swift */ = {isa = PBXFileReference; lastKnownFileType = sourcecode.swift; path = AddStudentViewController.swift; sourceTree = "<group>"; };
		8DECB4DA237F36D90055B4D8 /* GPAViewController.swift */ = {isa = PBXFileReference; lastKnownFileType = sourcecode.swift; path = GPAViewController.swift; sourceTree = "<group>"; };
/* End PBXFileReference section */

/* Begin PBXFrameworksBuildPhase section */
		8D8B0890237DEFFC00BD5439 /* Frameworks */ = {
			isa = PBXFrameworksBuildPhase;
			buildActionMask = 2147483647;
			files = (
			);
			runOnlyForDeploymentPostprocessing = 0;
		};
/* End PBXFrameworksBuildPhase section */

/* Begin PBXGroup section */
		8D8B088A237DEFFC00BD5439 = {
			isa = PBXGroup;
			children = (
				8D8B0895237DEFFD00BD5439 /* manjinder_c0762203_gpaApp */,
				8D8B0894237DEFFD00BD5439 /* Products */,
			);
			sourceTree = "<group>";
		};
		8D8B0894237DEFFD00BD5439 /* Products */ = {
			isa = PBXGroup;
			children = (
				8D8B0893237DEFFD00BD5439 /* manjinder_c0762203_gpaApp.app */,
			);
			name = Products;
			sourceTree = "<group>";
		};
		8D8B0895237DEFFD00BD5439 /* manjinder_c0762203_gpaApp */ = {
			isa = PBXGroup;
			children = (
				8D8B0896237DEFFD00BD5439 /* AppDelegate.swift */,
				8D8B0898237DEFFD00BD5439 /* SceneDelegate.swift */,
				8D8B089C237DEFFD00BD5439 /* Main.storyboard */,
				8D8B089F237DEFFE00BD5439 /* Assets.xcassets */,
				8D8B08A1237DEFFE00BD5439 /* LaunchScreen.storyboard */,
				8D8B08A4237DEFFE00BD5439 /* Info.plist */,
				8DECB4D4237E49610055B4D8 /* File.swift */,
				8DECB4D6237E49DF0055B4D8 /* StudentListTableViewController.swift */,
				8DECB4D8237E4A9C0055B4D8 /* AddStudentViewController.swift */,
				8DECB4DA237F36D90055B4D8 /* GPAViewController.swift */,
				8D077D97237F412D00BE1AD5 /* CourseFile.swift */,
				8D077D9923807F2000BE1AD5 /* SemesterTableViewController.swift */,
			);
			path = manjinder_c0762203_gpaApp;
			sourceTree = "<group>";
		};
/* End PBXGroup section */

/* Begin PBXNativeTarget section */
		8D8B0892237DEFFC00BD5439 /* manjinder_c0762203_gpaApp */ = {
			isa = PBXNativeTarget;
			buildConfigurationList = 8D8B08A7237DEFFE00BD5439 /* Build configuration list for PBXNativeTarget "manjinder_c0762203_gpaApp" */;
			buildPhases = (
				8D8B088F237DEFFC00BD5439 /* Sources */,
				8D8B0890237DEFFC00BD5439 /* Frameworks */,
				8D8B0891237DEFFC00BD5439 /* Resources */,
			);
			buildRules = (
			);
			dependencies = (
			);
			name = manjinder_c0762203_gpaApp;
			productName = manjinder_c0762203_gpaApp;
			productReference = 8D8B0893237DEFFD00BD5439 /* manjinder_c0762203_gpaApp.app */;
			productType = "com.apple.product-type.application";
		};
/* End PBXNativeTarget section */

/* Begin PBXProject section */
		8D8B088B237DEFFC00BD5439 /* Project object */ = {
			isa = PBXProject;
			attributes = {
				LastSwiftUpdateCheck = 1100;
				LastUpgradeCheck = 1100;
				ORGANIZATIONNAME = "Manjinder kaur";
				TargetAttributes = {
					8D8B0892237DEFFC00BD5439 = {
						CreatedOnToolsVersion = 11.0;
					};
				};
			};
			buildConfigurationList = 8D8B088E237DEFFC00BD5439 /* Build configuration list for PBXProject "manjinder_c0762203_gpaApp" */;
			compatibilityVersion = "Xcode 9.3";
			developmentRegion = en;
			hasScannedForEncodings = 0;
			knownRegions = (
				en,
				Base,
			);
			mainGroup = 8D8B088A237DEFFC00BD5439;
			productRefGroup = 8D8B0894237DEFFD00BD5439 /* Products */;
			projectDirPath = "";
			projectRoot = "";
			targets = (
				8D8B0892237DEFFC00BD5439 /* manjinder_c0762203_gpaApp */,
			);
		};
/* End PBXProject section */

/* Begin PBXResourcesBuildPhase section */
		8D8B0891237DEFFC00BD5439 /* Resources */ = {
			isa = PBXResourcesBuildPhase;
			buildActionMask = 2147483647;
			files = (
				8D8B08A3237DEFFE00BD5439 /* LaunchScreen.storyboard in Resources */,
				8D8B08A0237DEFFE00BD5439 /* Assets.xcassets in Resources */,
				8D8B089E237DEFFD00BD5439 /* Main.storyboard in Resources */,
			);
			runOnlyForDeploymentPostprocessing = 0;
		};
/* End PBXResourcesBuildPhase section */

/* Begin PBXSourcesBuildPhase section */
		8D8B088F237DEFFC00BD5439 /* Sources */ = {
			isa = PBXSourcesBuildPhase;
			buildActionMask = 2147483647;
			files = (
				8DECB4D5237E49610055B4D8 /* File.swift in Sources */,
				8D077D9A23807F2000BE1AD5 /* SemesterTableViewController.swift in Sources */,
				8D077D98237F412D00BE1AD5 /* CourseFile.swift in Sources */,
				8DECB4D9237E4A9C0055B4D8 /* AddStudentViewController.swift in Sources */,
				8DECB4D7237E49DF0055B4D8 /* StudentListTableViewController.swift in Sources */,
				8DECB4DB237F36D90055B4D8 /* GPAViewController.swift in Sources */,
				8D8B0897237DEFFD00BD5439 /* AppDelegate.swift in Sources */,
				8D8B0899237DEFFD00BD5439 /* SceneDelegate.swift in Sources */,
			);
			runOnlyForDeploymentPostprocessing = 0;
		};
/* End PBXSourcesBuildPhase section */

/* Begin PBXVariantGroup section */
		8D8B089C237DEFFD00BD5439 /* Main.storyboard */ = {
			isa = PBXVariantGroup;
			children = (
				8D8B089D237DEFFD00BD5439 /* Base */,
			);
			name = Main.storyboard;
			sourceTree = "<group>";
		};
		8D8B08A1237DEFFE00BD5439 /* LaunchScreen.storyboard */ = {
			isa = PBXVariantGroup;
			children = (
				8D8B08A2237DEFFE00BD5439 /* Base */,
			);
			name = LaunchScreen.storyboard;
			sourceTree = "<group>";
		};
/* End PBXVariantGroup section */

/* Begin XCBuildConfiguration section */
		8D8B08A5237DEFFE00BD5439 /* Debug */ = {
			isa = XCBuildConfiguration;
			buildSettings = {
				ALWAYS_SEARCH_USER_PATHS = NO;
				CLANG_ANALYZER_NONNULL = YES;
				CLANG_ANALYZER_NUMBER_OBJECT_CONVERSION = YES_AGGRESSIVE;
				CLANG_CXX_LANGUAGE_STANDARD = "gnu++14";
				CLANG_CXX_LIBRARY = "libc++";
				CLANG_ENABLE_MODULES = YES;
				CLANG_ENABLE_OBJC_ARC = YES;
				CLANG_ENABLE_OBJC_WEAK = YES;
				CLANG_WARN_BLOCK_CAPTURE_AUTORELEASING = YES;
				CLANG_WARN_BOOL_CONVERSION = YES;
				CLANG_WARN_COMMA = YES;
				CLANG_WARN_CONSTANT_CONVERSION = YES;
				CLANG_WARN_DEPRECATED_OBJC_IMPLEMENTATIONS = YES;
				CLANG_WARN_DIRECT_OBJC_ISA_USAGE = YES_ERROR;
				CLANG_WARN_DOCUMENTATION_COMMENTS = YES;
				CLANG_WARN_EMPTY_BODY = YES;
				CLANG_WARN_ENUM_CONVERSION = YES;
				CLANG_WARN_INFINITE_RECURSION = YES;
				CLANG_WARN_INT_CONVERSION = YES;
				CLANG_WARN_NON_LITERAL_NULL_CONVERSION = YES;
				CLANG_WARN_OBJC_IMPLICIT_RETAIN_SELF = YES;
				CLANG_WARN_OBJC_LITERAL_CONVERSION = YES;
				CLANG_WARN_OBJC_ROOT_CLASS = YES_ERROR;
				CLANG_WARN_RANGE_LOOP_ANALYSIS = YES;
				CLANG_WARN_STRICT_PROTOTYPES = YES;
				CLANG_WARN_SUSPICIOUS_MOVE = YES;
				CLANG_WARN_UNGUARDED_AVAILABILITY = YES_AGGRESSIVE;
				CLANG_WARN_UNREACHABLE_CODE = YES;
				CLANG_WARN__DUPLICATE_METHOD_MATCH = YES;
				COPY_PHASE_STRIP = NO;
				DEBUG_INFORMATION_FORMAT = dwarf;
				ENABLE_STRICT_OBJC_MSGSEND = YES;
				ENABLE_TESTABILITY = YES;
				GCC_C_LANGUAGE_STANDARD = gnu11;
				GCC_DYNAMIC_NO_PIC = NO;
				GCC_NO_COMMON_BLOCKS = YES;
				GCC_OPTIMIZATION_LEVEL = 0;
				GCC_PREPROCESSOR_DEFINITIONS = (
					"DEBUG=1",
					"$(inherited)",
				);
				GCC_WARN_64_TO_32_BIT_CONVERSION = YES;
				GCC_WARN_ABOUT_RETURN_TYPE = YES_ERROR;
				GCC_WARN_UNDECLARED_SELECTOR = YES;
				GCC_WARN_UNINITIALIZED_AUTOS = YES_AGGRESSIVE;
				GCC_WARN_UNUSED_FUNCTION = YES;
				GCC_WARN_UNUSED_VARIABLE = YES;
				IPHONEOS_DEPLOYMENT_TARGET = 13.0;
				MTL_ENABLE_DEBUG_INFO = INCLUDE_SOURCE;
				MTL_FAST_MATH = YES;
				ONLY_ACTIVE_ARCH = YES;
				SDKROOT = iphoneos;
				SWIFT_ACTIVE_COMPILATION_CONDITIONS = DEBUG;
				SWIFT_OPTIMIZATION_LEVEL = "-Onone";
			};
			name = Debug;
		};
		8D8B08A6237DEFFE00BD5439 /* Release */ = {
			isa = XCBuildConfiguration;
			buildSettings = {
				ALWAYS_SEARCH_USER_PATHS = NO;
				CLANG_ANALYZER_NONNULL = YES;
				CLANG_ANALYZER_NUMBER_OBJECT_CONVERSION = YES_AGGRESSIVE;
				CLANG_CXX_LANGUAGE_STANDARD = "gnu++14";
				CLANG_CXX_LIBRARY = "libc++";
				CLANG_ENABLE_MODULES = YES;
				CLANG_ENABLE_OBJC_ARC = YES;
				CLANG_ENABLE_OBJC_WEAK = YES;
				CLANG_WARN_BLOCK_CAPTURE_AUTORELEASING = YES;
				CLANG_WARN_BOOL_CONVERSION = YES;
				CLANG_WARN_COMMA = YES;
				CLANG_WARN_CONSTANT_CONVERSION = YES;
				CLANG_WARN_DEPRECATED_OBJC_IMPLEMENTATIONS = YES;
				CLANG_WARN_DIRECT_OBJC_ISA_USAGE = YES_ERROR;
				CLANG_WARN_DOCUMENTATION_COMMENTS = YES;
				CLANG_WARN_EMPTY_BODY = YES;
				CLANG_WARN_ENUM_CONVERSION = YES;
				CLANG_WARN_INFINITE_RECURSION = YES;
				CLANG_WARN_INT_CONVERSION = YES;
				CLANG_WARN_NON_LITERAL_NULL_CONVERSION = YES;
				CLANG_WARN_OBJC_IMPLICIT_RETAIN_SELF = YES;
				CLANG_WARN_OBJC_LITERAL_CONVERSION = YES;
				CLANG_WARN_OBJC_ROOT_CLASS = YES_ERROR;
				CLANG_WARN_RANGE_LOOP_ANALYSIS = YES;
				CLANG_WARN_STRICT_PROTOTYPES = YES;
				CLANG_WARN_SUSPICIOUS_MOVE = YES;
				CLANG_WARN_UNGUARDED_AVAILABILITY = YES_AGGRESSIVE;
				CLANG_WARN_UNREACHABLE_CODE = YES;
				CLANG_WARN__DUPLICATE_METHOD_MATCH = YES;
				COPY_PHASE_STRIP = NO;
				DEBUG_INFORMATION_FORMAT = "dwarf-with-dsym";
				ENABLE_NS_ASSERTIONS = NO;
				ENABLE_STRICT_OBJC_MSGSEND = YES;
				GCC_C_LANGUAGE_STANDARD = gnu11;
				GCC_NO_COMMON_BLOCKS = YES;
				GCC_WARN_64_TO_32_BIT_CONVERSION = YES;
				GCC_WARN_ABOUT_RETURN_TYPE = YES_ERROR;
				GCC_WARN_UNDECLARED_SELECTOR = YES;
				GCC_WARN_UNINITIALIZED_AUTOS = YES_AGGRESSIVE;
				GCC_WARN_UNUSED_FUNCTION = YES;
				GCC_WARN_UNUSED_VARIABLE = YES;
				IPHONEOS_DEPLOYMENT_TARGET = 13.0;
				MTL_ENABLE_DEBUG_INFO = NO;
				MTL_FAST_MATH = YES;
				SDKROOT = iphoneos;
				SWIFT_COMPILATION_MODE = wholemodule;
				SWIFT_OPTIMIZATION_LEVEL = "-O";
				VALIDATE_PRODUCT = YES;
			};
			name = Release;
		};
		8D8B08A8237DEFFE00BD5439 /* Debug */ = {
			isa = XCBuildConfiguration;
			buildSettings = {
				ASSETCATALOG_COMPILER_APPICON_NAME = AppIcon;
				CODE_SIGN_STYLE = Automatic;
				DEVELOPMENT_TEAM = 65R6MWYXH7;
				INFOPLIST_FILE = manjinder_c0762203_gpaApp/Info.plist;
				LD_RUNPATH_SEARCH_PATHS = (
					"$(inherited)",
					"@executable_path/Frameworks",
				);
				PRODUCT_BUNDLE_IDENTIFIER = "main.manjinder-c0762203-gpaApp";
				PRODUCT_NAME = "$(TARGET_NAME)";
				SWIFT_VERSION = 5.0;
				TARGETED_DEVICE_FAMILY = "1,2";
			};
			name = Debug;
		};
		8D8B08A9237DEFFE00BD5439 /* Release */ = {
			isa = XCBuildConfiguration;
			buildSettings = {
				ASSETCATALOG_COMPILER_APPICON_NAME = AppIcon;
				CODE_SIGN_STYLE = Automatic;
				DEVELOPMENT_TEAM = 65R6MWYXH7;
				INFOPLIST_FILE = manjinder_c0762203_gpaApp/Info.plist;
				LD_RUNPATH_SEARCH_PATHS = (
					"$(inherited)",
					"@executable_path/Frameworks",
				);
				PRODUCT_BUNDLE_IDENTIFIER = "main.manjinder-c0762203-gpaApp";
				PRODUCT_NAME = "$(TARGET_NAME)";
				SWIFT_VERSION = 5.0;
				TARGETED_DEVICE_FAMILY = "1,2";
			};
			name = Release;
		};
/* End XCBuildConfiguration section */

/* Begin XCConfigurationList section */
		8D8B088E237DEFFC00BD5439 /* Build configuration list for PBXProject "manjinder_c0762203_gpaApp" */ = {
			isa = XCConfigurationList;
			buildConfigurations = (
				8D8B08A5237DEFFE00BD5439 /* Debug */,
				8D8B08A6237DEFFE00BD5439 /* Release */,
			);
			defaultConfigurationIsVisible = 0;
			defaultConfigurationName = Release;
		};
		8D8B08A7237DEFFE00BD5439 /* Build configuration list for PBXNativeTarget "manjinder_c0762203_gpaApp" */ = {
			isa = XCConfigurationList;
			buildConfigurations = (
				8D8B08A8237DEFFE00BD5439 /* Debug */,
				8D8B08A9237DEFFE00BD5439 /* Release */,
			);
			defaultConfigurationIsVisible = 0;
			defaultConfigurationName = Release;
		};
/* End XCConfigurationList section */
	};
	rootObject = 8D8B088B237DEFFC00BD5439 /* Project object */;
}
